
Microsoft Visual Studio Solution File, Format Version 12.00
# Visual Studio Version 17
VisualStudioVersion = 17.0.31903.59
MinimumVisualStudioVersion = 10.0.40219.1
Project("{2150E333-8FDC-42A3-9474-1A3956D46DE8}") = "src", "src", "{C1C9BA5B-A4C6-490D-88F8-06D0E259C743}"
EndProject
Project("{FAE04EC0-301F-11D3-BF4B-00C04F79EFBC}") = "Net8.App", "src\Net8.App\Net8.App.csproj", "{0E5A2A6F-1105-4CB0-B985-28417FE9F620}"
EndProject
Project("{FAE04EC0-301F-11D3-BF4B-00C04F79EFBC}") = "Net9.App", "src\Net9.App\Net9.App.csproj", "{5F43CB2C-4AA5-4106-99EA-F828661DE6F9}"
EndProject
Project("{FAE04EC0-301F-11D3-BF4B-00C04F79EFBC}") = "Net8.Library", "src\Net8.Library\Net8.Library.csproj", "{936215BC-116F-498F-84BD-CB475EC0B235}"
EndProject
Project("{FAE04EC0-301F-11D3-BF4B-00C04F79EFBC}") = "Net9.Library", "src\Net9.Library\Net9.Library.csproj", "{23AA168C-5EC7-4542-867F-81EAE0C48FB7}"
EndProject
Global
	GlobalSection(SolutionConfigurationPlatforms) = preSolution
		Debug|Any CPU = Debug|Any CPU
		Release|Any CPU = Release|Any CPU
	EndGlobalSection
	GlobalSection(SolutionProperties) = preSolution
		HideSolutionNode = FALSE
	EndGlobalSection
	GlobalSection(ProjectConfigurationPlatforms) = postSolution
		{0E5A2A6F-1105-4CB0-B985-28417FE9F620}.Debug|Any CPU.ActiveCfg = Debug|Any CPU
		{0E5A2A6F-1105-4CB0-B985-28417FE9F620}.Debug|Any CPU.Build.0 = Debug|Any CPU
		{0E5A2A6F-1105-4CB0-B985-28417FE9F620}.Release|Any CPU.ActiveCfg = Release|Any CPU
		{0E5A2A6F-1105-4CB0-B985-28417FE9F620}.Release|Any CPU.Build.0 = Release|Any CPU
		{5F43CB2C-4AA5-4106-99EA-F828661DE6F9}.Debug|Any CPU.ActiveCfg = Debug|Any CPU
		{5F43CB2C-4AA5-4106-99EA-F828661DE6F9}.Debug|Any CPU.Build.0 = Debug|Any CPU
		{5F43CB2C-4AA5-4106-99EA-F828661DE6F9}.Release|Any CPU.ActiveCfg = Release|Any CPU
		{5F43CB2C-4AA5-4106-99EA-F828661DE6F9}.Release|Any CPU.Build.0 = Release|Any CPU
		{936215BC-116F-498F-84BD-CB475EC0B235}.Debug|Any CPU.ActiveCfg = Debug|Any CPU
		{936215BC-116F-498F-84BD-CB475EC0B235}.Debug|Any CPU.Build.0 = Debug|Any CPU
		{936215BC-116F-498F-84BD-CB475EC0B235}.Release|Any CPU.ActiveCfg = Release|Any CPU
		{936215BC-116F-498F-84BD-CB475EC0B235}.Release|Any CPU.Build.0 = Release|Any CPU
		{23AA168C-5EC7-4542-867F-81EAE0C48FB7}.Debug|Any CPU.ActiveCfg = Debug|Any CPU
		{23AA168C-5EC7-4542-867F-81EAE0C48FB7}.Debug|Any CPU.Build.0 = Debug|Any CPU
		{23AA168C-5EC7-4542-867F-81EAE0C48FB7}.Release|Any CPU.ActiveCfg = Release|Any CPU
		{23AA168C-5EC7-4542-867F-81EAE0C48FB7}.Release|Any CPU.Build.0 = Release|Any CPU
	EndGlobalSection
	GlobalSection(NestedProjects) = preSolution
		{0E5A2A6F-1105-4CB0-B985-28417FE9F620} = {C1C9BA5B-A4C6-490D-88F8-06D0E259C743}
		{5F43CB2C-4AA5-4106-99EA-F828661DE6F9} = {C1C9BA5B-A4C6-490D-88F8-06D0E259C743}
		{936215BC-116F-498F-84BD-CB475EC0B235} = {C1C9BA5B-A4C6-490D-88F8-06D0E259C743}
		{23AA168C-5EC7-4542-867F-81EAE0C48FB7} = {C1C9BA5B-A4C6-490D-88F8-06D0E259C743}
	EndGlobalSection
EndGlobal
